// !$*UTF8*$!
{
	archiveVersion = 1;
	classes = {
	};
	objectVersion = 55;
	objects = {

/* Begin PBXBuildFile section */
		123CF87E3316B95E2D4085A8 /* Pods_NotePad_NotePadUITests.framework in Frameworks */ = {isa = PBXBuildFile; fileRef = 5BA7BF155F23706FC4C2CB62 /* Pods_NotePad_NotePadUITests.framework */; };
		762E154E28EBFB7D00480E55 /* NotePadApp.swift in Sources */ = {isa = PBXBuildFile; fileRef = 762E154D28EBFB7D00480E55 /* NotePadApp.swift */; };
		762E155028EBFB7D00480E55 /* ContentView.swift in Sources */ = {isa = PBXBuildFile; fileRef = 762E154F28EBFB7D00480E55 /* ContentView.swift */; };
		762E155228EBFB7E00480E55 /* Assets.xcassets in Resources */ = {isa = PBXBuildFile; fileRef = 762E155128EBFB7E00480E55 /* Assets.xcassets */; };
		762E155528EBFB7E00480E55 /* Preview Assets.xcassets in Resources */ = {isa = PBXBuildFile; fileRef = 762E155428EBFB7E00480E55 /* Preview Assets.xcassets */; };
		762E155F28EBFB7E00480E55 /* NotePadTests.swift in Sources */ = {isa = PBXBuildFile; fileRef = 762E155E28EBFB7E00480E55 /* NotePadTests.swift */; };
		762E156928EBFB7E00480E55 /* NotePadUITests.swift in Sources */ = {isa = PBXBuildFile; fileRef = 762E156828EBFB7E00480E55 /* NotePadUITests.swift */; };
		762E156B28EBFB7E00480E55 /* NotePadUITestsLaunchTests.swift in Sources */ = {isa = PBXBuildFile; fileRef = 762E156A28EBFB7E00480E55 /* NotePadUITestsLaunchTests.swift */; };
		767D0FC528EC41C200FFD4AE /* NoteItemView.swift in Sources */ = {isa = PBXBuildFile; fileRef = 767D0FBE28EC41C200FFD4AE /* NoteItemView.swift */; };
		767D0FC628EC41C200FFD4AE /* NoteView.swift in Sources */ = {isa = PBXBuildFile; fileRef = 767D0FBF28EC41C200FFD4AE /* NoteView.swift */; };
		767D0FC728EC41C200FFD4AE /* TaskItemView.swift in Sources */ = {isa = PBXBuildFile; fileRef = 767D0FC028EC41C200FFD4AE /* TaskItemView.swift */; };
		767D0FC828EC41C200FFD4AE /* HomeView.swift in Sources */ = {isa = PBXBuildFile; fileRef = 767D0FC128EC41C200FFD4AE /* HomeView.swift */; };
		767D0FC928EC41C200FFD4AE /* TaskView.swift in Sources */ = {isa = PBXBuildFile; fileRef = 767D0FC228EC41C200FFD4AE /* TaskView.swift */; };
		767D0FCA28EC41C200FFD4AE /* NoteDetailView.swift in Sources */ = {isa = PBXBuildFile; fileRef = 767D0FC328EC41C200FFD4AE /* NoteDetailView.swift */; };
		767D0FCB28EC41C200FFD4AE /* TaskDetailView.swift in Sources */ = {isa = PBXBuildFile; fileRef = 767D0FC428EC41C200FFD4AE /* TaskDetailView.swift */; };
		767D0FCF28EC41CC00FFD4AE /* NoteItem.swift in Sources */ = {isa = PBXBuildFile; fileRef = 767D0FCD28EC41CC00FFD4AE /* NoteItem.swift */; };
		767D0FD028EC41CC00FFD4AE /* TaskItem.swift in Sources */ = {isa = PBXBuildFile; fileRef = 767D0FCE28EC41CC00FFD4AE /* TaskItem.swift */; };
		767D0FD328EC41D100FFD4AE /* DateUtil.swift in Sources */ = {isa = PBXBuildFile; fileRef = 767D0FD228EC41D100FFD4AE /* DateUtil.swift */; };
		9B5F578408CF58A463ECEAFB /* Pods_NotePadTests.framework in Frameworks */ = {isa = PBXBuildFile; fileRef = 66840CFCD0CC661C34AA3A1F /* Pods_NotePadTests.framework */; };
		AE557212774241E4A92203D6 /* Pods_NotePad.framework in Frameworks */ = {isa = PBXBuildFile; fileRef = 0FDBC93C93E48A6874168873 /* Pods_NotePad.framework */; };
/* End PBXBuildFile section */

/* Begin PBXContainerItemProxy section */
		762E155B28EBFB7E00480E55 /* PBXContainerItemProxy */ = {
			isa = PBXContainerItemProxy;
			containerPortal = 762E154228EBFB7D00480E55 /* Project object */;
			proxyType = 1;
			remoteGlobalIDString = 762E154928EBFB7D00480E55;
			remoteInfo = NotePad;
		};
		762E156528EBFB7E00480E55 /* PBXContainerItemProxy */ = {
			isa = PBXContainerItemProxy;
			containerPortal = 762E154228EBFB7D00480E55 /* Project object */;
			proxyType = 1;
			remoteGlobalIDString = 762E154928EBFB7D00480E55;
			remoteInfo = NotePad;
		};
/* End PBXContainerItemProxy section */

/* Begin PBXFileReference section */
		0FDBC93C93E48A6874168873 /* Pods_NotePad.framework */ = {isa = PBXFileReference; explicitFileType = wrapper.framework; includeInIndex = 0; path = Pods_NotePad.framework; sourceTree = BUILT_PRODUCTS_DIR; };
		5BA7BF155F23706FC4C2CB62 /* Pods_NotePad_NotePadUITests.framework */ = {isa = PBXFileReference; explicitFileType = wrapper.framework; includeInIndex = 0; path = Pods_NotePad_NotePadUITests.framework; sourceTree = BUILT_PRODUCTS_DIR; };
		66840CFCD0CC661C34AA3A1F /* Pods_NotePadTests.framework */ = {isa = PBXFileReference; explicitFileType = wrapper.framework; includeInIndex = 0; path = Pods_NotePadTests.framework; sourceTree = BUILT_PRODUCTS_DIR; };
		762E154A28EBFB7D00480E55 /* NotePad.app */ = {isa = PBXFileReference; explicitFileType = wrapper.application; includeInIndex = 0; path = NotePad.app; sourceTree = BUILT_PRODUCTS_DIR; };
		762E154D28EBFB7D00480E55 /* NotePadApp.swift */ = {isa = PBXFileReference; lastKnownFileType = sourcecode.swift; path = NotePadApp.swift; sourceTree = "<group>"; };
		762E154F28EBFB7D00480E55 /* ContentView.swift */ = {isa = PBXFileReference; lastKnownFileType = sourcecode.swift; path = ContentView.swift; sourceTree = "<group>"; };
		762E155128EBFB7E00480E55 /* Assets.xcassets */ = {isa = PBXFileReference; lastKnownFileType = folder.assetcatalog; path = Assets.xcassets; sourceTree = "<group>"; };
		762E155428EBFB7E00480E55 /* Preview Assets.xcassets */ = {isa = PBXFileReference; lastKnownFileType = folder.assetcatalog; path = "Preview Assets.xcassets"; sourceTree = "<group>"; };
		762E155A28EBFB7E00480E55 /* NotePadTests.xctest */ = {isa = PBXFileReference; explicitFileType = wrapper.cfbundle; includeInIndex = 0; path = NotePadTests.xctest; sourceTree = BUILT_PRODUCTS_DIR; };
		762E155E28EBFB7E00480E55 /* NotePadTests.swift */ = {isa = PBXFileReference; lastKnownFileType = sourcecode.swift; path = NotePadTests.swift; sourceTree = "<group>"; };
		762E156428EBFB7E00480E55 /* NotePadUITests.xctest */ = {isa = PBXFileReference; explicitFileType = wrapper.cfbundle; includeInIndex = 0; path = NotePadUITests.xctest; sourceTree = BUILT_PRODUCTS_DIR; };
		762E156828EBFB7E00480E55 /* NotePadUITests.swift */ = {isa = PBXFileReference; lastKnownFileType = sourcecode.swift; path = NotePadUITests.swift; sourceTree = "<group>"; };
		762E156A28EBFB7E00480E55 /* NotePadUITestsLaunchTests.swift */ = {isa = PBXFileReference; lastKnownFileType = sourcecode.swift; path = NotePadUITestsLaunchTests.swift; sourceTree = "<group>"; };
		767D0FBE28EC41C200FFD4AE /* NoteItemView.swift */ = {isa = PBXFileReference; fileEncoding = 4; lastKnownFileType = sourcecode.swift; path = NoteItemView.swift; sourceTree = "<group>"; };
		767D0FBF28EC41C200FFD4AE /* NoteView.swift */ = {isa = PBXFileReference; fileEncoding = 4; lastKnownFileType = sourcecode.swift; path = NoteView.swift; sourceTree = "<group>"; };
		767D0FC028EC41C200FFD4AE /* TaskItemView.swift */ = {isa = PBXFileReference; fileEncoding = 4; lastKnownFileType = sourcecode.swift; path = TaskItemView.swift; sourceTree = "<group>"; };
		767D0FC128EC41C200FFD4AE /* HomeView.swift */ = {isa = PBXFileReference; fileEncoding = 4; lastKnownFileType = sourcecode.swift; path = HomeView.swift; sourceTree = "<group>"; };
		767D0FC228EC41C200FFD4AE /* TaskView.swift */ = {isa = PBXFileReference; fileEncoding = 4; lastKnownFileType = sourcecode.swift; path = TaskView.swift; sourceTree = "<group>"; };
		767D0FC328EC41C200FFD4AE /* NoteDetailView.swift */ = {isa = PBXFileReference; fileEncoding = 4; lastKnownFileType = sourcecode.swift; path = NoteDetailView.swift; sourceTree = "<group>"; };
		767D0FC428EC41C200FFD4AE /* TaskDetailView.swift */ = {isa = PBXFileReference; fileEncoding = 4; lastKnownFileType = sourcecode.swift; path = TaskDetailView.swift; sourceTree = "<group>"; };
		767D0FCD28EC41CC00FFD4AE /* NoteItem.swift */ = {isa = PBXFileReference; fileEncoding = 4; lastKnownFileType = sourcecode.swift; path = NoteItem.swift; sourceTree = "<group>"; };
		767D0FCE28EC41CC00FFD4AE /* TaskItem.swift */ = {isa = PBXFileReference; fileEncoding = 4; lastKnownFileType = sourcecode.swift; path = TaskItem.swift; sourceTree = "<group>"; };
		767D0FD228EC41D100FFD4AE /* DateUtil.swift */ = {isa = PBXFileReference; fileEncoding = 4; lastKnownFileType = sourcecode.swift; path = DateUtil.swift; sourceTree = "<group>"; };
		8346093986CFE94622F1620F /* Pods-NotePad.release.xcconfig */ = {isa = PBXFileReference; includeInIndex = 1; lastKnownFileType = text.xcconfig; name = "Pods-NotePad.release.xcconfig"; path = "Target Support Files/Pods-NotePad/Pods-NotePad.release.xcconfig"; sourceTree = "<group>"; };
		B103B782F697CA016019E557 /* Pods-NotePad-NotePadUITests.debug.xcconfig */ = {isa = PBXFileReference; includeInIndex = 1; lastKnownFileType = text.xcconfig; name = "Pods-NotePad-NotePadUITests.debug.xcconfig"; path = "Target Support Files/Pods-NotePad-NotePadUITests/Pods-NotePad-NotePadUITests.debug.xcconfig"; sourceTree = "<group>"; };
		B117531B0EE5E63BA25998FF /* Pods-NotePad-NotePadUITests.release.xcconfig */ = {isa = PBXFileReference; includeInIndex = 1; lastKnownFileType = text.xcconfig; name = "Pods-NotePad-NotePadUITests.release.xcconfig"; path = "Target Support Files/Pods-NotePad-NotePadUITests/Pods-NotePad-NotePadUITests.release.xcconfig"; sourceTree = "<group>"; };
		D301E82C4112120BCDCD1F1A /* Pods-NotePad.debug.xcconfig */ = {isa = PBXFileReference; includeInIndex = 1; lastKnownFileType = text.xcconfig; name = "Pods-NotePad.debug.xcconfig"; path = "Target Support Files/Pods-NotePad/Pods-NotePad.debug.xcconfig"; sourceTree = "<group>"; };
		DCF277533A5918F4D9473C56 /* Pods-NotePadTests.debug.xcconfig */ = {isa = PBXFileReference; includeInIndex = 1; lastKnownFileType = text.xcconfig; name = "Pods-NotePadTests.debug.xcconfig"; path = "Target Support Files/Pods-NotePadTests/Pods-NotePadTests.debug.xcconfig"; sourceTree = "<group>"; };
		F0D64607423CE174D6DD1100 /* Pods-NotePadTests.release.xcconfig */ = {isa = PBXFileReference; includeInIndex = 1; lastKnownFileType = text.xcconfig; name = "Pods-NotePadTests.release.xcconfig"; path = "Target Support Files/Pods-NotePadTests/Pods-NotePadTests.release.xcconfig"; sourceTree = "<group>"; };
/* End PBXFileReference section */

/* Begin PBXFrameworksBuildPhase section */
		762E154728EBFB7D00480E55 /* Frameworks */ = {
			isa = PBXFrameworksBuildPhase;
			buildActionMask = 2147483647;
			files = (
				AE557212774241E4A92203D6 /* Pods_NotePad.framework in Frameworks */,
			);
			runOnlyForDeploymentPostprocessing = 0;
		};
		762E155728EBFB7E00480E55 /* Frameworks */ = {
			isa = PBXFrameworksBuildPhase;
			buildActionMask = 2147483647;
			files = (
				9B5F578408CF58A463ECEAFB /* Pods_NotePadTests.framework in Frameworks */,
			);
			runOnlyForDeploymentPostprocessing = 0;
		};
		762E156128EBFB7E00480E55 /* Frameworks */ = {
			isa = PBXFrameworksBuildPhase;
			buildActionMask = 2147483647;
			files = (
				123CF87E3316B95E2D4085A8 /* Pods_NotePad_NotePadUITests.framework in Frameworks */,
			);
			runOnlyForDeploymentPostprocessing = 0;
		};
/* End PBXFrameworksBuildPhase section */

/* Begin PBXGroup section */
		27C625FD287E386319E61ED5 /* Frameworks */ = {
			isa = PBXGroup;
			children = (
				0FDBC93C93E48A6874168873 /* Pods_NotePad.framework */,
				5BA7BF155F23706FC4C2CB62 /* Pods_NotePad_NotePadUITests.framework */,
				66840CFCD0CC661C34AA3A1F /* Pods_NotePadTests.framework */,
			);
			name = Frameworks;
			sourceTree = "<group>";
		};
		762E154128EBFB7D00480E55 = {
			isa = PBXGroup;
			children = (
				762E154C28EBFB7D00480E55 /* NotePad */,
				762E155D28EBFB7E00480E55 /* NotePadTests */,
				762E156728EBFB7E00480E55 /* NotePadUITests */,
				762E154B28EBFB7D00480E55 /* Products */,
				CA45EB7B68ABB91504F71D8F /* Pods */,
				27C625FD287E386319E61ED5 /* Frameworks */,
			);
			sourceTree = "<group>";
		};
		762E154B28EBFB7D00480E55 /* Products */ = {
			isa = PBXGroup;
			children = (
				762E154A28EBFB7D00480E55 /* NotePad.app */,
				762E155A28EBFB7E00480E55 /* NotePadTests.xctest */,
				762E156428EBFB7E00480E55 /* NotePadUITests.xctest */,
			);
			name = Products;
			sourceTree = "<group>";
		};
		762E154C28EBFB7D00480E55 /* NotePad */ = {
			isa = PBXGroup;
			children = (
				767D0FD128EC41D100FFD4AE /* Util */,
				767D0FCC28EC41CC00FFD4AE /* Model */,
				767D0FBD28EC41C200FFD4AE /* View */,
				762E154D28EBFB7D00480E55 /* NotePadApp.swift */,
				762E154F28EBFB7D00480E55 /* ContentView.swift */,
				762E155128EBFB7E00480E55 /* Assets.xcassets */,
				762E155328EBFB7E00480E55 /* Preview Content */,
			);
			path = NotePad;
			sourceTree = "<group>";
		};
		762E155328EBFB7E00480E55 /* Preview Content */ = {
			isa = PBXGroup;
			children = (
				762E155428EBFB7E00480E55 /* Preview Assets.xcassets */,
			);
			path = "Preview Content";
			sourceTree = "<group>";
		};
		762E155D28EBFB7E00480E55 /* NotePadTests */ = {
			isa = PBXGroup;
			children = (
				762E155E28EBFB7E00480E55 /* NotePadTests.swift */,
			);
			path = NotePadTests;
			sourceTree = "<group>";
		};
		762E156728EBFB7E00480E55 /* NotePadUITests */ = {
			isa = PBXGroup;
			children = (
				762E156828EBFB7E00480E55 /* NotePadUITests.swift */,
				762E156A28EBFB7E00480E55 /* NotePadUITestsLaunchTests.swift */,
			);
			path = NotePadUITests;
			sourceTree = "<group>";
		};
		767D0FBD28EC41C200FFD4AE /* View */ = {
			isa = PBXGroup;
			children = (
				767D0FD528EC609100FFD4AE /* Task */,
				767D0FD428EC608A00FFD4AE /* Note */,
				767D0FC128EC41C200FFD4AE /* HomeView.swift */,
			);
			path = View;
			sourceTree = "<group>";
		};
		767D0FCC28EC41CC00FFD4AE /* Model */ = {
			isa = PBXGroup;
			children = (
				767D0FCD28EC41CC00FFD4AE /* NoteItem.swift */,
				767D0FCE28EC41CC00FFD4AE /* TaskItem.swift */,
			);
			path = Model;
			sourceTree = "<group>";
		};
		767D0FD128EC41D100FFD4AE /* Util */ = {
			isa = PBXGroup;
			children = (
				767D0FD228EC41D100FFD4AE /* DateUtil.swift */,
			);
			path = Util;
			sourceTree = "<group>";
		};
		767D0FD428EC608A00FFD4AE /* Note */ = {
			isa = PBXGroup;
			children = (
				767D0FC328EC41C200FFD4AE /* NoteDetailView.swift */,
				767D0FBE28EC41C200FFD4AE /* NoteItemView.swift */,
				767D0FBF28EC41C200FFD4AE /* NoteView.swift */,
			);
			path = Note;
			sourceTree = "<group>";
		};
		767D0FD528EC609100FFD4AE /* Task */ = {
			isa = PBXGroup;
			children = (
				767D0FC428EC41C200FFD4AE /* TaskDetailView.swift */,
				767D0FC028EC41C200FFD4AE /* TaskItemView.swift */,
				767D0FC228EC41C200FFD4AE /* TaskView.swift */,
			);
			path = Task;
			sourceTree = "<group>";
		};
		CA45EB7B68ABB91504F71D8F /* Pods */ = {
			isa = PBXGroup;
			children = (
				D301E82C4112120BCDCD1F1A /* Pods-NotePad.debug.xcconfig */,
				8346093986CFE94622F1620F /* Pods-NotePad.release.xcconfig */,
				B103B782F697CA016019E557 /* Pods-NotePad-NotePadUITests.debug.xcconfig */,
				B117531B0EE5E63BA25998FF /* Pods-NotePad-NotePadUITests.release.xcconfig */,
				DCF277533A5918F4D9473C56 /* Pods-NotePadTests.debug.xcconfig */,
				F0D64607423CE174D6DD1100 /* Pods-NotePadTests.release.xcconfig */,
			);
			path = Pods;
			sourceTree = "<group>";
		};
/* End PBXGroup section */

/* Begin PBXNativeTarget section */
		762E154928EBFB7D00480E55 /* NotePad */ = {
			isa = PBXNativeTarget;
			buildConfigurationList = 762E156E28EBFB7E00480E55 /* Build configuration list for PBXNativeTarget "NotePad" */;
			buildPhases = (
				018AB1A7F010D933E9AADD0E /* [CP] Check Pods Manifest.lock */,
				762E154628EBFB7D00480E55 /* Sources */,
				762E154728EBFB7D00480E55 /* Frameworks */,
				762E154828EBFB7D00480E55 /* Resources */,
			);
			buildRules = (
			);
			dependencies = (
			);
			name = NotePad;
			productName = NotePad;
			productReference = 762E154A28EBFB7D00480E55 /* NotePad.app */;
			productType = "com.apple.product-type.application";
		};
		762E155928EBFB7E00480E55 /* NotePadTests */ = {
			isa = PBXNativeTarget;
			buildConfigurationList = 762E157128EBFB7E00480E55 /* Build configuration list for PBXNativeTarget "NotePadTests" */;
			buildPhases = (
				0679A6B2595FFE025DB7DE8A /* [CP] Check Pods Manifest.lock */,
				762E155628EBFB7E00480E55 /* Sources */,
				762E155728EBFB7E00480E55 /* Frameworks */,
				762E155828EBFB7E00480E55 /* Resources */,
			);
			buildRules = (
			);
			dependencies = (
				762E155C28EBFB7E00480E55 /* PBXTargetDependency */,
			);
			name = NotePadTests;
			productName = NotePadTests;
			productReference = 762E155A28EBFB7E00480E55 /* NotePadTests.xctest */;
			productType = "com.apple.product-type.bundle.unit-test";
		};
		762E156328EBFB7E00480E55 /* NotePadUITests */ = {
			isa = PBXNativeTarget;
			buildConfigurationList = 762E157428EBFB7E00480E55 /* Build configuration list for PBXNativeTarget "NotePadUITests" */;
			buildPhases = (
				E2588FBF4099FE017433E62E /* [CP] Check Pods Manifest.lock */,
				762E156028EBFB7E00480E55 /* Sources */,
				762E156128EBFB7E00480E55 /* Frameworks */,
				762E156228EBFB7E00480E55 /* Resources */,
			);
			buildRules = (
			);
			dependencies = (
				762E156628EBFB7E00480E55 /* PBXTargetDependency */,
			);
			name = NotePadUITests;
			productName = NotePadUITests;
			productReference = 762E156428EBFB7E00480E55 /* NotePadUITests.xctest */;
			productType = "com.apple.product-type.bundle.ui-testing";
		};
/* End PBXNativeTarget section */

/* Begin PBXProject section */
		762E154228EBFB7D00480E55 /* Project object */ = {
			isa = PBXProject;
			attributes = {
				BuildIndependentTargetsInParallel = 1;
				LastSwiftUpdateCheck = 1340;
				LastUpgradeCheck = 1340;
				TargetAttributes = {
					762E154928EBFB7D00480E55 = {
						CreatedOnToolsVersion = 13.4.1;
					};
					762E155928EBFB7E00480E55 = {
						CreatedOnToolsVersion = 13.4.1;
						TestTargetID = 762E154928EBFB7D00480E55;
					};
					762E156328EBFB7E00480E55 = {
						CreatedOnToolsVersion = 13.4.1;
						TestTargetID = 762E154928EBFB7D00480E55;
					};
				};
			};
			buildConfigurationList = 762E154528EBFB7D00480E55 /* Build configuration list for PBXProject "NotePad" */;
			compatibilityVersion = "Xcode 13.0";
			developmentRegion = en;
			hasScannedForEncodings = 0;
			knownRegions = (
				en,
				Base,
			);
			mainGroup = 762E154128EBFB7D00480E55;
			productRefGroup = 762E154B28EBFB7D00480E55 /* Products */;
			projectDirPath = "";
			projectRoot = "";
			targets = (
				762E154928EBFB7D00480E55 /* NotePad */,
				762E155928EBFB7E00480E55 /* NotePadTests */,
				762E156328EBFB7E00480E55 /* NotePadUITests */,
			);
		};
/* End PBXProject section */

/* Begin PBXResourcesBuildPhase section */
		762E154828EBFB7D00480E55 /* Resources */ = {
			isa = PBXResourcesBuildPhase;
			buildActionMask = 2147483647;
			files = (
				762E155528EBFB7E00480E55 /* Preview Assets.xcassets in Resources */,
				762E155228EBFB7E00480E55 /* Assets.xcassets in Resources */,
			);
			runOnlyForDeploymentPostprocessing = 0;
		};
		762E155828EBFB7E00480E55 /* Resources */ = {
			isa = PBXResourcesBuildPhase;
			buildActionMask = 2147483647;
			files = (
			);
			runOnlyForDeploymentPostprocessing = 0;
		};
		762E156228EBFB7E00480E55 /* Resources */ = {
			isa = PBXResourcesBuildPhase;
			buildActionMask = 2147483647;
			files = (
			);
			runOnlyForDeploymentPostprocessing = 0;
		};
/* End PBXResourcesBuildPhase section */

/* Begin PBXShellScriptBuildPhase section */
		018AB1A7F010D933E9AADD0E /* [CP] Check Pods Manifest.lock */ = {
			isa = PBXShellScriptBuildPhase;
			buildActionMask = 2147483647;
			files = (
			);
			inputFileListPaths = (
			);
			inputPaths = (
				"${PODS_PODFILE_DIR_PATH}/Podfile.lock",
				"${PODS_ROOT}/Manifest.lock",
			);
			name = "[CP] Check Pods Manifest.lock";
			outputFileListPaths = (
			);
			outputPaths = (
				"$(DERIVED_FILE_DIR)/Pods-NotePad-checkManifestLockResult.txt",
			);
			runOnlyForDeploymentPostprocessing = 0;
			shellPath = /bin/sh;
			shellScript = "diff \"${PODS_PODFILE_DIR_PATH}/Podfile.lock\" \"${PODS_ROOT}/Manifest.lock\" > /dev/null\nif [ $? != 0 ] ; then\n    # print error to STDERR\n    echo \"error: The sandbox is not in sync with the Podfile.lock. Run 'pod install' or update your CocoaPods installation.\" >&2\n    exit 1\nfi\n# This output is used by Xcode 'outputs' to avoid re-running this script phase.\necho \"SUCCESS\" > \"${SCRIPT_OUTPUT_FILE_0}\"\n";
			showEnvVarsInLog = 0;
		};
		0679A6B2595FFE025DB7DE8A /* [CP] Check Pods Manifest.lock */ = {
			isa = PBXShellScriptBuildPhase;
			buildActionMask = 2147483647;
			files = (
			);
			inputFileListPaths = (
			);
			inputPaths = (
				"${PODS_PODFILE_DIR_PATH}/Podfile.lock",
				"${PODS_ROOT}/Manifest.lock",
			);
			name = "[CP] Check Pods Manifest.lock";
			outputFileListPaths = (
			);
			outputPaths = (
				"$(DERIVED_FILE_DIR)/Pods-NotePadTests-checkManifestLockResult.txt",
			);
			runOnlyForDeploymentPostprocessing = 0;
			shellPath = /bin/sh;
			shellScript = "diff \"${PODS_PODFILE_DIR_PATH}/Podfile.lock\" \"${PODS_ROOT}/Manifest.lock\" > /dev/null\nif [ $? != 0 ] ; then\n    # print error to STDERR\n    echo \"error: The sandbox is not in sync with the Podfile.lock. Run 'pod install' or update your CocoaPods installation.\" >&2\n    exit 1\nfi\n# This output is used by Xcode 'outputs' to avoid re-running this script phase.\necho \"SUCCESS\" > \"${SCRIPT_OUTPUT_FILE_0}\"\n";
			showEnvVarsInLog = 0;
		};
		E2588FBF4099FE017433E62E /* [CP] Check Pods Manifest.lock */ = {
			isa = PBXShellScriptBuildPhase;
			buildActionMask = 2147483647;
			files = (
			);
			inputFileListPaths = (
			);
			inputPaths = (
				"${PODS_PODFILE_DIR_PATH}/Podfile.lock",
				"${PODS_ROOT}/Manifest.lock",
			);
			name = "[CP] Check Pods Manifest.lock";
			outputFileListPaths = (
			);
			outputPaths = (
				"$(DERIVED_FILE_DIR)/Pods-NotePad-NotePadUITests-checkManifestLockResult.txt",
			);
			runOnlyForDeploymentPostprocessing = 0;
			shellPath = /bin/sh;
			shellScript = "diff \"${PODS_PODFILE_DIR_PATH}/Podfile.lock\" \"${PODS_ROOT}/Manifest.lock\" > /dev/null\nif [ $? != 0 ] ; then\n    # print error to STDERR\n    echo \"error: The sandbox is not in sync with the Podfile.lock. Run 'pod install' or update your CocoaPods installation.\" >&2\n    exit 1\nfi\n# This output is used by Xcode 'outputs' to avoid re-running this script phase.\necho \"SUCCESS\" > \"${SCRIPT_OUTPUT_FILE_0}\"\n";
			showEnvVarsInLog = 0;
		};
/* End PBXShellScriptBuildPhase section */

/* Begin PBXSourcesBuildPhase section */
		762E154628EBFB7D00480E55 /* Sources */ = {
			isa = PBXSourcesBuildPhase;
			buildActionMask = 2147483647;
			files = (
				767D0FC728EC41C200FFD4AE /* TaskItemView.swift in Sources */,
				767D0FC928EC41C200FFD4AE /* TaskView.swift in Sources */,
				762E155028EBFB7D00480E55 /* ContentView.swift in Sources */,
				767D0FCA28EC41C200FFD4AE /* NoteDetailView.swift in Sources */,
				767D0FCF28EC41CC00FFD4AE /* NoteItem.swift in Sources */,
				767D0FD028EC41CC00FFD4AE /* TaskItem.swift in Sources */,
				762E154E28EBFB7D00480E55 /* NotePadApp.swift in Sources */,
				767D0FC828EC41C200FFD4AE /* HomeView.swift in Sources */,
				767D0FC628EC41C200FFD4AE /* NoteView.swift in Sources */,
				767D0FD328EC41D100FFD4AE /* DateUtil.swift in Sources */,
				767D0FC528EC41C200FFD4AE /* NoteItemView.swift in Sources */,
				767D0FCB28EC41C200FFD4AE /* TaskDetailView.swift in Sources */,
			);
			runOnlyForDeploymentPostprocessing = 0;
		};
		762E155628EBFB7E00480E55 /* Sources */ = {
			isa = PBXSourcesBuildPhase;
			buildActionMask = 2147483647;
			files = (
				762E155F28EBFB7E00480E55 /* NotePadTests.swift in Sources */,
			);
			runOnlyForDeploymentPostprocessing = 0;
		};
		762E156028EBFB7E00480E55 /* Sources */ = {
			isa = PBXSourcesBuildPhase;
			buildActionMask = 2147483647;
			files = (
				762E156B28EBFB7E00480E55 /* NotePadUITestsLaunchTests.swift in Sources */,
				762E156928EBFB7E00480E55 /* NotePadUITests.swift in Sources */,
			);
			runOnlyForDeploymentPostprocessing = 0;
		};
/* End PBXSourcesBuildPhase section */

/* Begin PBXTargetDependency section */
		762E155C28EBFB7E00480E55 /* PBXTargetDependency */ = {
			isa = PBXTargetDependency;
			target = 762E154928EBFB7D00480E55 /* NotePad */;
			targetProxy = 762E155B28EBFB7E00480E55 /* PBXContainerItemProxy */;
		};
		762E156628EBFB7E00480E55 /* PBXTargetDependency */ = {
			isa = PBXTargetDependency;
			target = 762E154928EBFB7D00480E55 /* NotePad */;
			targetProxy = 762E156528EBFB7E00480E55 /* PBXContainerItemProxy */;
		};
/* End PBXTargetDependency section */

/* Begin XCBuildConfiguration section */
		762E156C28EBFB7E00480E55 /* Debug */ = {
			isa = XCBuildConfiguration;
			buildSettings = {
				ALWAYS_SEARCH_USER_PATHS = NO;
				CLANG_ANALYZER_NONNULL = YES;
				CLANG_ANALYZER_NUMBER_OBJECT_CONVERSION = YES_AGGRESSIVE;
				CLANG_CXX_LANGUAGE_STANDARD = "gnu++17";
				CLANG_ENABLE_MODULES = YES;
				CLANG_ENABLE_OBJC_ARC = YES;
				CLANG_ENABLE_OBJC_WEAK = YES;
				CLANG_WARN_BLOCK_CAPTURE_AUTORELEASING = YES;
				CLANG_WARN_BOOL_CONVERSION = YES;
				CLANG_WARN_COMMA = YES;
				CLANG_WARN_CONSTANT_CONVERSION = YES;
				CLANG_WARN_DEPRECATED_OBJC_IMPLEMENTATIONS = YES;
				CLANG_WARN_DIRECT_OBJC_ISA_USAGE = YES_ERROR;
				CLANG_WARN_DOCUMENTATION_COMMENTS = YES;
				CLANG_WARN_EMPTY_BODY = YES;
				CLANG_WARN_ENUM_CONVERSION = YES;
				CLANG_WARN_INFINITE_RECURSION = YES;
				CLANG_WARN_INT_CONVERSION = YES;
				CLANG_WARN_NON_LITERAL_NULL_CONVERSION = YES;
				CLANG_WARN_OBJC_IMPLICIT_RETAIN_SELF = YES;
				CLANG_WARN_OBJC_LITERAL_CONVERSION = YES;
				CLANG_WARN_OBJC_ROOT_CLASS = YES_ERROR;
				CLANG_WARN_QUOTED_INCLUDE_IN_FRAMEWORK_HEADER = YES;
				CLANG_WARN_RANGE_LOOP_ANALYSIS = YES;
				CLANG_WARN_STRICT_PROTOTYPES = YES;
				CLANG_WARN_SUSPICIOUS_MOVE = YES;
				CLANG_WARN_UNGUARDED_AVAILABILITY = YES_AGGRESSIVE;
				CLANG_WARN_UNREACHABLE_CODE = YES;
				CLANG_WARN__DUPLICATE_METHOD_MATCH = YES;
				COPY_PHASE_STRIP = NO;
				DEBUG_INFORMATION_FORMAT = dwarf;
				ENABLE_STRICT_OBJC_MSGSEND = YES;
				ENABLE_TESTABILITY = YES;
				GCC_C_LANGUAGE_STANDARD = gnu11;
				GCC_DYNAMIC_NO_PIC = NO;
				GCC_NO_COMMON_BLOCKS = YES;
				GCC_OPTIMIZATION_LEVEL = 0;
				GCC_PREPROCESSOR_DEFINITIONS = (
					"DEBUG=1",
					"$(inherited)",
				);
				GCC_WARN_64_TO_32_BIT_CONVERSION = YES;
				GCC_WARN_ABOUT_RETURN_TYPE = YES_ERROR;
				GCC_WARN_UNDECLARED_SELECTOR = YES;
				GCC_WARN_UNINITIALIZED_AUTOS = YES_AGGRESSIVE;
				GCC_WARN_UNUSED_FUNCTION = YES;
				GCC_WARN_UNUSED_VARIABLE = YES;
				IPHONEOS_DEPLOYMENT_TARGET = 15.5;
				MTL_ENABLE_DEBUG_INFO = INCLUDE_SOURCE;
				MTL_FAST_MATH = YES;
				ONLY_ACTIVE_ARCH = YES;
				SDKROOT = iphoneos;
				SWIFT_ACTIVE_COMPILATION_CONDITIONS = DEBUG;
				SWIFT_OPTIMIZATION_LEVEL = "-Onone";
			};
			name = Debug;
		};
		762E156D28EBFB7E00480E55 /* Release */ = {
			isa = XCBuildConfiguration;
			buildSettings = {
				ALWAYS_SEARCH_USER_PATHS = NO;
				CLANG_ANALYZER_NONNULL = YES;
				CLANG_ANALYZER_NUMBER_OBJECT_CONVERSION = YES_AGGRESSIVE;
				CLANG_CXX_LANGUAGE_STANDARD = "gnu++17";
				CLANG_ENABLE_MODULES = YES;
				CLANG_ENABLE_OBJC_ARC = YES;
				CLANG_ENABLE_OBJC_WEAK = YES;
				CLANG_WARN_BLOCK_CAPTURE_AUTORELEASING = YES;
				CLANG_WARN_BOOL_CONVERSION = YES;
				CLANG_WARN_COMMA = YES;
				CLANG_WARN_CONSTANT_CONVERSION = YES;
				CLANG_WARN_DEPRECATED_OBJC_IMPLEMENTATIONS = YES;
				CLANG_WARN_DIRECT_OBJC_ISA_USAGE = YES_ERROR;
				CLANG_WARN_DOCUMENTATION_COMMENTS = YES;
				CLANG_WARN_EMPTY_BODY = YES;
				CLANG_WARN_ENUM_CONVERSION = YES;
				CLANG_WARN_INFINITE_RECURSION = YES;
				CLANG_WARN_INT_CONVERSION = YES;
				CLANG_WARN_NON_LITERAL_NULL_CONVERSION = YES;
				CLANG_WARN_OBJC_IMPLICIT_RETAIN_SELF = YES;
				CLANG_WARN_OBJC_LITERAL_CONVERSION = YES;
				CLANG_WARN_OBJC_ROOT_CLASS = YES_ERROR;
				CLANG_WARN_QUOTED_INCLUDE_IN_FRAMEWORK_HEADER = YES;
				CLANG_WARN_RANGE_LOOP_ANALYSIS = YES;
				CLANG_WARN_STRICT_PROTOTYPES = YES;
				CLANG_WARN_SUSPICIOUS_MOVE = YES;
				CLANG_WARN_UNGUARDED_AVAILABILITY = YES_AGGRESSIVE;
				CLANG_WARN_UNREACHABLE_CODE = YES;
				CLANG_WARN__DUPLICATE_METHOD_MATCH = YES;
				COPY_PHASE_STRIP = NO;
				DEBUG_INFORMATION_FORMAT = "dwarf-with-dsym";
				ENABLE_NS_ASSERTIONS = NO;
				ENABLE_STRICT_OBJC_MSGSEND = YES;
				GCC_C_LANGUAGE_STANDARD = gnu11;
				GCC_NO_COMMON_BLOCKS = YES;
				GCC_WARN_64_TO_32_BIT_CONVERSION = YES;
				GCC_WARN_ABOUT_RETURN_TYPE = YES_ERROR;
				GCC_WARN_UNDECLARED_SELECTOR = YES;
				GCC_WARN_UNINITIALIZED_AUTOS = YES_AGGRESSIVE;
				GCC_WARN_UNUSED_FUNCTION = YES;
				GCC_WARN_UNUSED_VARIABLE = YES;
				IPHONEOS_DEPLOYMENT_TARGET = 15.5;
				MTL_ENABLE_DEBUG_INFO = NO;
				MTL_FAST_MATH = YES;
				SDKROOT = iphoneos;
				SWIFT_COMPILATION_MODE = wholemodule;
				SWIFT_OPTIMIZATION_LEVEL = "-O";
				VALIDATE_PRODUCT = YES;
			};
			name = Release;
		};
		762E156F28EBFB7E00480E55 /* Debug */ = {
			isa = XCBuildConfiguration;
			baseConfigurationReference = D301E82C4112120BCDCD1F1A /* Pods-NotePad.debug.xcconfig */;
			buildSettings = {
				ASSETCATALOG_COMPILER_APPICON_NAME = AppIcon;
				ASSETCATALOG_COMPILER_GLOBAL_ACCENT_COLOR_NAME = AccentColor;
				CODE_SIGN_STYLE = Automatic;
				CURRENT_PROJECT_VERSION = 1;
				DEVELOPMENT_ASSET_PATHS = "\"NotePad/Preview Content\"";
				DEVELOPMENT_TEAM = 3XG5YH9J2J;
				ENABLE_PREVIEWS = YES;
				GENERATE_INFOPLIST_FILE = YES;
				INFOPLIST_KEY_UIApplicationSceneManifest_Generation = YES;
				INFOPLIST_KEY_UIApplicationSupportsIndirectInputEvents = YES;
				INFOPLIST_KEY_UILaunchScreen_Generation = YES;
				INFOPLIST_KEY_UISupportedInterfaceOrientations_iPad = "UIInterfaceOrientationPortrait UIInterfaceOrientationPortraitUpsideDown UIInterfaceOrientationLandscapeLeft UIInterfaceOrientationLandscapeRight";
				INFOPLIST_KEY_UISupportedInterfaceOrientations_iPhone = "UIInterfaceOrientationPortrait UIInterfaceOrientationLandscapeLeft UIInterfaceOrientationLandscapeRight";
				LD_RUNPATH_SEARCH_PATHS = (
					"$(inherited)",
					"@executable_path/Frameworks",
				);
				MARKETING_VERSION = 1.0;
				PRODUCT_BUNDLE_IDENTIFIER = com.demo.NotePad;
				PRODUCT_NAME = "$(TARGET_NAME)";
				SWIFT_EMIT_LOC_STRINGS = YES;
				SWIFT_VERSION = 5.0;
				TARGETED_DEVICE_FAMILY = "1,2";
			};
			name = Debug;
		};
		762E157028EBFB7E00480E55 /* Release */ = {
			isa = XCBuildConfiguration;
			baseConfigurationReference = 8346093986CFE94622F1620F /* Pods-NotePad.release.xcconfig */;
			buildSettings = {
				ASSETCATALOG_COMPILER_APPICON_NAME = AppIcon;
				ASSETCATALOG_COMPILER_GLOBAL_ACCENT_COLOR_NAME = AccentColor;
				CODE_SIGN_STYLE = Automatic;
				CURRENT_PROJECT_VERSION = 1;
				DEVELOPMENT_ASSET_PATHS = "\"NotePad/Preview Content\"";
				DEVELOPMENT_TEAM = 3XG5YH9J2J;
				ENABLE_PREVIEWS = YES;
				GENERATE_INFOPLIST_FILE = YES;
				INFOPLIST_KEY_UIApplicationSceneManifest_Generation = YES;
				INFOPLIST_KEY_UIApplicationSupportsIndirectInputEvents = YES;
				INFOPLIST_KEY_UILaunchScreen_Generation = YES;
				INFOPLIST_KEY_UISupportedInterfaceOrientations_iPad = "UIInterfaceOrientationPortrait UIInterfaceOrientationPortraitUpsideDown UIInterfaceOrientationLandscapeLeft UIInterfaceOrientationLandscapeRight";
				INFOPLIST_KEY_UISupportedInterfaceOrientations_iPhone = "UIInterfaceOrientationPortrait UIInterfaceOrientationLandscapeLeft UIInterfaceOrientationLandscapeRight";
				LD_RUNPATH_SEARCH_PATHS = (
					"$(inherited)",
					"@executable_path/Frameworks",
				);
				MARKETING_VERSION = 1.0;
				PRODUCT_BUNDLE_IDENTIFIER = com.demo.NotePad;
				PRODUCT_NAME = "$(TARGET_NAME)";
				SWIFT_EMIT_LOC_STRINGS = YES;
				SWIFT_VERSION = 5.0;
				TARGETED_DEVICE_FAMILY = "1,2";
			};
			name = Release;
		};
		762E157228EBFB7E00480E55 /* Debug */ = {
			isa = XCBuildConfiguration;
			baseConfigurationReference = DCF277533A5918F4D9473C56 /* Pods-NotePadTests.debug.xcconfig */;
			buildSettings = {
				ALWAYS_EMBED_SWIFT_STANDARD_LIBRARIES = YES;
				BUNDLE_LOADER = "$(TEST_HOST)";
				CODE_SIGN_STYLE = Automatic;
				CURRENT_PROJECT_VERSION = 1;
				DEVELOPMENT_TEAM = 3XG5YH9J2J;
				GENERATE_INFOPLIST_FILE = YES;
				IPHONEOS_DEPLOYMENT_TARGET = 15.5;
				MARKETING_VERSION = 1.0;
				PRODUCT_BUNDLE_IDENTIFIER = com.demo.NotePadTests;
				PRODUCT_NAME = "$(TARGET_NAME)";
				SWIFT_EMIT_LOC_STRINGS = NO;
				SWIFT_VERSION = 5.0;
				TARGETED_DEVICE_FAMILY = "1,2";
				TEST_HOST = "$(BUILT_PRODUCTS_DIR)/NotePad.app/NotePad";
			};
			name = Debug;
		};
		762E157328EBFB7E00480E55 /* Release */ = {
			isa = XCBuildConfiguration;
			baseConfigurationReference = F0D64607423CE174D6DD1100 /* Pods-NotePadTests.release.xcconfig */;
			buildSettings = {
				ALWAYS_EMBED_SWIFT_STANDARD_LIBRARIES = YES;
				BUNDLE_LOADER = "$(TEST_HOST)";
				CODE_SIGN_STYLE = Automatic;
				CURRENT_PROJECT_VERSION = 1;
				DEVELOPMENT_TEAM = 3XG5YH9J2J;
				GENERATE_INFOPLIST_FILE = YES;
				IPHONEOS_DEPLOYMENT_TARGET = 15.5;
				MARKETING_VERSION = 1.0;
				PRODUCT_BUNDLE_IDENTIFIER = com.demo.NotePadTests;
				PRODUCT_NAME = "$(TARGET_NAME)";
				SWIFT_EMIT_LOC_STRINGS = NO;
				SWIFT_VERSION = 5.0;
				TARGETED_DEVICE_FAMILY = "1,2";
				TEST_HOST = "$(BUILT_PRODUCTS_DIR)/NotePad.app/NotePad";
			};
			name = Release;
		};
		762E157528EBFB7E00480E55 /* Debug */ = {
			isa = XCBuildConfiguration;
			baseConfigurationReference = B103B782F697CA016019E557 /* Pods-NotePad-NotePadUITests.debug.xcconfig */;
			buildSettings = {
				ALWAYS_EMBED_SWIFT_STANDARD_LIBRARIES = YES;
				CODE_SIGN_STYLE = Automatic;
				CURRENT_PROJECT_VERSION = 1;
				DEVELOPMENT_TEAM = 3XG5YH9J2J;
				GENERATE_INFOPLIST_FILE = YES;
				MARKETING_VERSION = 1.0;
				PRODUCT_BUNDLE_IDENTIFIER = com.demo.NotePadUITests;
				PRODUCT_NAME = "$(TARGET_NAME)";
				SWIFT_EMIT_LOC_STRINGS = NO;
				SWIFT_VERSION = 5.0;
				TARGETED_DEVICE_FAMILY = "1,2";
				TEST_TARGET_NAME = NotePad;
			};
			name = Debug;
		};
		762E157628EBFB7E00480E55 /* Release */ = {
			isa = XCBuildConfiguration;
			baseConfigurationReference = B117531B0EE5E63BA25998FF /* Pods-NotePad-NotePadUITests.release.xcconfig */;
			buildSettings = {
				ALWAYS_EMBED_SWIFT_STANDARD_LIBRARIES = YES;
				CODE_SIGN_STYLE = Automatic;
				CURRENT_PROJECT_VERSION = 1;
				DEVELOPMENT_TEAM = 3XG5YH9J2J;
				GENERATE_INFOPLIST_FILE = YES;
				MARKETING_VERSION = 1.0;
				PRODUCT_BUNDLE_IDENTIFIER = com.demo.NotePadUITests;
				PRODUCT_NAME = "$(TARGET_NAME)";
				SWIFT_EMIT_LOC_STRINGS = NO;
				SWIFT_VERSION = 5.0;
				TARGETED_DEVICE_FAMILY = "1,2";
				TEST_TARGET_NAME = NotePad;
			};
			name = Release;
		};
/* End XCBuildConfiguration section */

/* Begin XCConfigurationList section */
		762E154528EBFB7D00480E55 /* Build configuration list for PBXProject "NotePad" */ = {
			isa = XCConfigurationList;
			buildConfigurations = (
				762E156C28EBFB7E00480E55 /* Debug */,
				762E156D28EBFB7E00480E55 /* Release */,
			);
			defaultConfigurationIsVisible = 0;
			defaultConfigurationName = Release;
		};
		762E156E28EBFB7E00480E55 /* Build configuration list for PBXNativeTarget "NotePad" */ = {
			isa = XCConfigurationList;
			buildConfigurations = (
				762E156F28EBFB7E00480E55 /* Debug */,
				762E157028EBFB7E00480E55 /* Release */,
			);
			defaultConfigurationIsVisible = 0;
			defaultConfigurationName = Release;
		};
		762E157128EBFB7E00480E55 /* Build configuration list for PBXNativeTarget "NotePadTests" */ = {
			isa = XCConfigurationList;
			buildConfigurations = (
				762E157228EBFB7E00480E55 /* Debug */,
				762E157328EBFB7E00480E55 /* Release */,
			);
			defaultConfigurationIsVisible = 0;
			defaultConfigurationName = Release;
		};
		762E157428EBFB7E00480E55 /* Build configuration list for PBXNativeTarget "NotePadUITests" */ = {
			isa = XCConfigurationList;
			buildConfigurations = (
				762E157528EBFB7E00480E55 /* Debug */,
				762E157628EBFB7E00480E55 /* Release */,
			);
			defaultConfigurationIsVisible = 0;
			defaultConfigurationName = Release;
		};
/* End XCConfigurationList section */
	};
	rootObject = 762E154228EBFB7D00480E55 /* Project object */;
}
